
Microsoft Visual Studio Solution File, Format Version 12.00
# Visual Studio Version 17
VisualStudioVersion = 17.10.34928.147
MinimumVisualStudioVersion = 10.0.40219.1
Project("{888888A0-9F3D-457C-B088-3A5042F75D52}") = "PedraPapelTesoura", "PedraPapelTesoura\PedraPapelTesoura.pyproj", "{7D10B2C2-631F-4240-A82B-63646882E857}"
EndProject
Global
	GlobalSection(SolutionConfigurationPlatforms) = preSolution
		Debug|Any CPU = Debug|Any CPU
		Release|Any CPU = Release|Any CPU
	EndGlobalSection
	GlobalSection(ProjectConfigurationPlatforms) = postSolution
		{7D10B2C2-631F-4240-A82B-63646882E857}.Debug|Any CPU.ActiveCfg = Debug|Any CPU
		{7D10B2C2-631F-4240-A82B-63646882E857}.Release|Any CPU.ActiveCfg = Release|Any CPU
	EndGlobalSection
	GlobalSection(SolutionProperties) = preSolution
		HideSolutionNode = FALSE
	EndGlobalSection
	GlobalSection(ExtensibilityGlobals) = postSolution
		SolutionGuid = {0C121B40-5F51-476E-8F70-D1F16F9A2078}
	EndGlobalSection
EndGlobal
